
Microsoft Visual Studio Solution File, Format Version 12.00
# Visual Studio Version 17
VisualStudioVersion = 17.4.33213.308
MinimumVisualStudioVersion = 10.0.40219.1
Project("{FAE04EC0-301F-11D3-BF4B-00C04F79EFBC}") = "Exchange.Web", "Exchange.Web\Exchange.Web.csproj", "{587930AD-53B4-4218-A738-B54756204F16}"
EndProject
Project("{FAE04EC0-301F-11D3-BF4B-00C04F79EFBC}") = "Exchange.Core", "Exchange.Core\Exchange.Core.csproj", "{011E615C-12AA-4A50-B4A0-0F5D544CB1FB}"
EndProject
Project("{FAE04EC0-301F-11D3-BF4B-00C04F79EFBC}") = "Exchange.Data", "Exchange.Data\Exchange.Data.csproj", "{3E101BC3-9BAC-4DC1-A24B-BD9F55633437}"
EndProject
Project("{FAE04EC0-301F-11D3-BF4B-00C04F79EFBC}") = "Exchange.Entity", "Exchange.Entity\Exchange.Entity.csproj", "{AC8C208A-F552-4A9E-AAD2-C74F8FA894F8}"
EndProject
Project("{FAE04EC0-301F-11D3-BF4B-00C04F79EFBC}") = "Exchange.Service", "Exchange.Service\Exchange.Service.csproj", "{66955871-678A-45AE-9DF8-AD34D5C6B22E}"
EndProject
Global
	GlobalSection(SolutionConfigurationPlatforms) = preSolution
		Debug|Any CPU = Debug|Any CPU
		Release|Any CPU = Release|Any CPU
	EndGlobalSection
	GlobalSection(ProjectConfigurationPlatforms) = postSolution
		{587930AD-53B4-4218-A738-B54756204F16}.Debug|Any CPU.ActiveCfg = Debug|Any CPU
		{587930AD-53B4-4218-A738-B54756204F16}.Debug|Any CPU.Build.0 = Debug|Any CPU
		{587930AD-53B4-4218-A738-B54756204F16}.Release|Any CPU.ActiveCfg = Release|Any CPU
		{587930AD-53B4-4218-A738-B54756204F16}.Release|Any CPU.Build.0 = Release|Any CPU
		{011E615C-12AA-4A50-B4A0-0F5D544CB1FB}.Debug|Any CPU.ActiveCfg = Debug|Any CPU
		{011E615C-12AA-4A50-B4A0-0F5D544CB1FB}.Debug|Any CPU.Build.0 = Debug|Any CPU
		{011E615C-12AA-4A50-B4A0-0F5D544CB1FB}.Release|Any CPU.ActiveCfg = Release|Any CPU
		{011E615C-12AA-4A50-B4A0-0F5D544CB1FB}.Release|Any CPU.Build.0 = Release|Any CPU
		{3E101BC3-9BAC-4DC1-A24B-BD9F55633437}.Debug|Any CPU.ActiveCfg = Debug|Any CPU
		{3E101BC3-9BAC-4DC1-A24B-BD9F55633437}.Debug|Any CPU.Build.0 = Debug|Any CPU
		{3E101BC3-9BAC-4DC1-A24B-BD9F55633437}.Release|Any CPU.ActiveCfg = Release|Any CPU
		{3E101BC3-9BAC-4DC1-A24B-BD9F55633437}.Release|Any CPU.Build.0 = Release|Any CPU
		{AC8C208A-F552-4A9E-AAD2-C74F8FA894F8}.Debug|Any CPU.ActiveCfg = Debug|Any CPU
		{AC8C208A-F552-4A9E-AAD2-C74F8FA894F8}.Debug|Any CPU.Build.0 = Debug|Any CPU
		{AC8C208A-F552-4A9E-AAD2-C74F8FA894F8}.Release|Any CPU.ActiveCfg = Release|Any CPU
		{AC8C208A-F552-4A9E-AAD2-C74F8FA894F8}.Release|Any CPU.Build.0 = Release|Any CPU
		{66955871-678A-45AE-9DF8-AD34D5C6B22E}.Debug|Any CPU.ActiveCfg = Debug|Any CPU
		{66955871-678A-45AE-9DF8-AD34D5C6B22E}.Debug|Any CPU.Build.0 = Debug|Any CPU
		{66955871-678A-45AE-9DF8-AD34D5C6B22E}.Release|Any CPU.ActiveCfg = Release|Any CPU
		{66955871-678A-45AE-9DF8-AD34D5C6B22E}.Release|Any CPU.Build.0 = Release|Any CPU
	EndGlobalSection
	GlobalSection(SolutionProperties) = preSolution
		HideSolutionNode = FALSE
	EndGlobalSection
	GlobalSection(ExtensibilityGlobals) = postSolution
		SolutionGuid = {F4A4CE47-128C-4E80-B28A-EBEAC7DDB2DC}
	EndGlobalSection
EndGlobal
